
Microsoft Visual Studio Solution File, Format Version 12.00
# Visual Studio Version 17
VisualStudioVersion = 17.9.34714.143
MinimumVisualStudioVersion = 10.0.40219.1
Project("{FAE04EC0-301F-11D3-BF4B-00C04F79EFBC}") = "NewIP", "NewIP\NewIP.csproj", "{B53937C2-09BA-42E3-9159-CB13356BA422}"
EndProject
Global
	GlobalSection(SolutionConfigurationPlatforms) = preSolution
		Debug|Any CPU = Debug|Any CPU
		Release|Any CPU = Release|Any CPU
	EndGlobalSection
	GlobalSection(ProjectConfigurationPlatforms) = postSolution
		{B53937C2-09BA-42E3-9159-CB13356BA422}.Debug|Any CPU.ActiveCfg = Debug|Any CPU
		{B53937C2-09BA-42E3-9159-CB13356BA422}.Debug|Any CPU.Build.0 = Debug|Any CPU
		{B53937C2-09BA-42E3-9159-CB13356BA422}.Release|Any CPU.ActiveCfg = Release|Any CPU
		{B53937C2-09BA-42E3-9159-CB13356BA422}.Release|Any CPU.Build.0 = Release|Any CPU
	EndGlobalSection
	GlobalSection(SolutionProperties) = preSolution
		HideSolutionNode = FALSE
	EndGlobalSection
	GlobalSection(ExtensibilityGlobals) = postSolution
		SolutionGuid = {1F83567B-4EB0-4F77-9188-EF58F430C6C3}
	EndGlobalSection
EndGlobal
